
Microsoft Visual Studio Solution File, Format Version 12.00
# Visual Studio Express 14 for Windows Desktop
VisualStudioVersion = 14.0.23107.0
MinimumVisualStudioVersion = 10.0.40219.1
Project("{FAE04EC0-301F-11D3-BF4B-00C04F79EFBC}") = "Exam", "Exam\Exam.csproj", "{BED3FB23-DA88-456F-9808-646FC4C7D594}"
EndProject
Global
	GlobalSection(SolutionConfigurationPlatforms) = preSolution
		Debug|Any CPU = Debug|Any CPU
		Release|Any CPU = Release|Any CPU
	EndGlobalSection
	GlobalSection(ProjectConfigurationPlatforms) = postSolution
		{BED3FB23-DA88-456F-9808-646FC4C7D594}.Debug|Any CPU.ActiveCfg = Debug|Any CPU
		{BED3FB23-DA88-456F-9808-646FC4C7D594}.Debug|Any CPU.Build.0 = Debug|Any CPU
		{BED3FB23-DA88-456F-9808-646FC4C7D594}.Release|Any CPU.ActiveCfg = Release|Any CPU
		{BED3FB23-DA88-456F-9808-646FC4C7D594}.Release|Any CPU.Build.0 = Release|Any CPU
	EndGlobalSection
	GlobalSection(SolutionProperties) = preSolution
		HideSolutionNode = FALSE
	EndGlobalSection
EndGlobal
